
Microsoft Visual Studio Solution File, Format Version 12.00
# Visual Studio 14
VisualStudioVersion = 14.0.25420.1
MinimumVisualStudioVersion = 10.0.40219.1
Project("{8BC9CEB8-8B4A-11D0-8D11-00A0C91BC942}") = "4-Init Direct3D", "Init Direct3D\Init Direct3D.vcxproj", "{39D71D5A-EA4D-4E2A-A9C9-32F9ACF605ED}"
	ProjectSection(ProjectDependencies) = postProject
		{ABA15DA6-9C57-4C1E-A3A5-CA563B9BFA5A} = {ABA15DA6-9C57-4C1E-A3A5-CA563B9BFA5A}
	EndProjectSection
EndProject
Project("{8BC9CEB8-8B4A-11D0-8D11-00A0C91BC942}") = "6-Box", "6-Box\6-Box.vcxproj", "{4A8FA2D7-2DC4-4155-9493-1F237D223E58}"
	ProjectSection(ProjectDependencies) = postProject
		{ABA15DA6-9C57-4C1E-A3A5-CA563B9BFA5A} = {ABA15DA6-9C57-4C1E-A3A5-CA563B9BFA5A}
	EndProjectSection
EndProject
Project("{8BC9CEB8-8B4A-11D0-8D11-00A0C91BC942}") = "6-Hills", "6-Hills\6-Hills.vcxproj", "{A6B6239D-44C9-4197-AF3F-EA6BF583E6A0}"
	ProjectSection(ProjectDependencies) = postProject
		{ABA15DA6-9C57-4C1E-A3A5-CA563B9BFA5A} = {ABA15DA6-9C57-4C1E-A3A5-CA563B9BFA5A}
	EndProjectSection
EndProject
Project("{8BC9CEB8-8B4A-11D0-8D11-00A0C91BC942}") = "6-Shapes", "Shapes\Shapes.vcxproj", "{F7304A3B-6711-4C55-99D3-DBDFA1E39AD9}"
	ProjectSection(ProjectDependencies) = postProject
		{ABA15DA6-9C57-4C1E-A3A5-CA563B9BFA5A} = {ABA15DA6-9C57-4C1E-A3A5-CA563B9BFA5A}
	EndProjectSection
EndProject
Project("{8BC9CEB8-8B4A-11D0-8D11-00A0C91BC942}") = "6-Skull", "6-Skull\6-Skull.vcxproj", "{6770AB17-24C7-4521-881B-BF41B3E72CFC}"
	ProjectSection(ProjectDependencies) = postProject
		{ABA15DA6-9C57-4C1E-A3A5-CA563B9BFA5A} = {ABA15DA6-9C57-4C1E-A3A5-CA563B9BFA5A}
	EndProjectSection
EndProject
Project("{8BC9CEB8-8B4A-11D0-8D11-00A0C91BC942}") = "CommonLib", "CommonLib\CommonLib.vcxproj", "{ABA15DA6-9C57-4C1E-A3A5-CA563B9BFA5A}"
EndProject
Project("{8BC9CEB8-8B4A-11D0-8D11-00A0C91BC942}") = "7-Lighting", "Lighting\Lighting.vcxproj", "{604CD0D7-8491-4026-AACB-8E85A576E87F}"
	ProjectSection(ProjectDependencies) = postProject
		{ABA15DA6-9C57-4C1E-A3A5-CA563B9BFA5A} = {ABA15DA6-9C57-4C1E-A3A5-CA563B9BFA5A}
	EndProjectSection
EndProject
Project("{8BC9CEB8-8B4A-11D0-8D11-00A0C91BC942}") = "7-LitSkull", "LitSkull\LitSkull.vcxproj", "{766EB193-DF9C-449A-BEDF-F34DF4827A6F}"
	ProjectSection(ProjectDependencies) = postProject
		{ABA15DA6-9C57-4C1E-A3A5-CA563B9BFA5A} = {ABA15DA6-9C57-4C1E-A3A5-CA563B9BFA5A}
	EndProjectSection
EndProject
Project("{8BC9CEB8-8B4A-11D0-8D11-00A0C91BC942}") = "8-Crate", "8-Crate\8-Crate.vcxproj", "{CCA1D220-D359-470D-A558-938F12091B50}"
	ProjectSection(ProjectDependencies) = postProject
		{ABA15DA6-9C57-4C1E-A3A5-CA563B9BFA5A} = {ABA15DA6-9C57-4C1E-A3A5-CA563B9BFA5A}
	EndProjectSection
EndProject
Project("{8BC9CEB8-8B4A-11D0-8D11-00A0C91BC942}") = "8-TexturedHillsAndWaves", "TexturedHillsAndWaves\TexturedHillsAndWaves.vcxproj", "{B771CC1D-8802-470A-8768-A0B92DB03754}"
	ProjectSection(ProjectDependencies) = postProject
		{ABA15DA6-9C57-4C1E-A3A5-CA563B9BFA5A} = {ABA15DA6-9C57-4C1E-A3A5-CA563B9BFA5A}
	EndProjectSection
EndProject
Project("{8BC9CEB8-8B4A-11D0-8D11-00A0C91BC942}") = "9-BlendDemo", "9-BlendDemo\9-BlendDemo.vcxproj", "{874755F4-8C8A-499E-8560-27DBD04F1620}"
	ProjectSection(ProjectDependencies) = postProject
		{ABA15DA6-9C57-4C1E-A3A5-CA563B9BFA5A} = {ABA15DA6-9C57-4C1E-A3A5-CA563B9BFA5A}
	EndProjectSection
EndProject
Project("{8BC9CEB8-8B4A-11D0-8D11-00A0C91BC942}") = "10-Mirror", "10-Mirror\10-Mirror.vcxproj", "{F98CB7A3-29A3-428E-8569-C31BB2BB7A60}"
	ProjectSection(ProjectDependencies) = postProject
		{ABA15DA6-9C57-4C1E-A3A5-CA563B9BFA5A} = {ABA15DA6-9C57-4C1E-A3A5-CA563B9BFA5A}
	EndProjectSection
EndProject
Project("{8BC9CEB8-8B4A-11D0-8D11-00A0C91BC942}") = "11-TreeBillboard", "11-TreeBillboard\11-TreeBillboard.vcxproj", "{D649FCBA-25BF-4346-9FFD-98ECC7E83C14}"
	ProjectSection(ProjectDependencies) = postProject
		{ABA15DA6-9C57-4C1E-A3A5-CA563B9BFA5A} = {ABA15DA6-9C57-4C1E-A3A5-CA563B9BFA5A}
	EndProjectSection
EndProject
Project("{8BC9CEB8-8B4A-11D0-8D11-00A0C91BC942}") = "12-VecAdd", "12-VecAdd\12-VecAdd.vcxproj", "{9ED08A85-7E6D-41F0-80AE-460023E8AF27}"
	ProjectSection(ProjectDependencies) = postProject
		{ABA15DA6-9C57-4C1E-A3A5-CA563B9BFA5A} = {ABA15DA6-9C57-4C1E-A3A5-CA563B9BFA5A}
	EndProjectSection
EndProject
Project("{8BC9CEB8-8B4A-11D0-8D11-00A0C91BC942}") = "12-Blur", "12-Blur\12-Blur.vcxproj", "{896DDA16-00E6-444B-8F43-CDB1BEBC6C85}"
	ProjectSection(ProjectDependencies) = postProject
		{ABA15DA6-9C57-4C1E-A3A5-CA563B9BFA5A} = {ABA15DA6-9C57-4C1E-A3A5-CA563B9BFA5A}
	EndProjectSection
EndProject
Project("{8BC9CEB8-8B4A-11D0-8D11-00A0C91BC942}") = "13-BasicTessellation", "13-BasicTessellation\13-BasicTessellation.vcxproj", "{AD55719A-58F4-4356-AFD9-5B20062B17D5}"
	ProjectSection(ProjectDependencies) = postProject
		{ABA15DA6-9C57-4C1E-A3A5-CA563B9BFA5A} = {ABA15DA6-9C57-4C1E-A3A5-CA563B9BFA5A}
	EndProjectSection
EndProject
Project("{8BC9CEB8-8B4A-11D0-8D11-00A0C91BC942}") = "13-BezierPatch", "13-BezierPatch\13-BezierPatch.vcxproj", "{D29712EC-FF9B-40F6-B629-1097416215D7}"
	ProjectSection(ProjectDependencies) = postProject
		{ABA15DA6-9C57-4C1E-A3A5-CA563B9BFA5A} = {ABA15DA6-9C57-4C1E-A3A5-CA563B9BFA5A}
	EndProjectSection
EndProject
Project("{8BC9CEB8-8B4A-11D0-8D11-00A0C91BC942}") = "15-InstancingAndCulling", "15-InstancingAndCulling\15-InstancingAndCulling.vcxproj", "{641BA08A-C96F-4686-A351-D2781A164874}"
	ProjectSection(ProjectDependencies) = postProject
		{ABA15DA6-9C57-4C1E-A3A5-CA563B9BFA5A} = {ABA15DA6-9C57-4C1E-A3A5-CA563B9BFA5A}
	EndProjectSection
EndProject
Global
	GlobalSection(SolutionConfigurationPlatforms) = preSolution
		Debug|x64 = Debug|x64
		Debug|x86 = Debug|x86
		Release|x64 = Release|x64
		Release|x86 = Release|x86
	EndGlobalSection
	GlobalSection(ProjectConfigurationPlatforms) = postSolution
		{39D71D5A-EA4D-4E2A-A9C9-32F9ACF605ED}.Debug|x64.ActiveCfg = Debug|x64
		{39D71D5A-EA4D-4E2A-A9C9-32F9ACF605ED}.Debug|x64.Build.0 = Debug|x64
		{39D71D5A-EA4D-4E2A-A9C9-32F9ACF605ED}.Debug|x86.ActiveCfg = Debug|Win32
		{39D71D5A-EA4D-4E2A-A9C9-32F9ACF605ED}.Debug|x86.Build.0 = Debug|Win32
		{39D71D5A-EA4D-4E2A-A9C9-32F9ACF605ED}.Release|x64.ActiveCfg = Release|x64
		{39D71D5A-EA4D-4E2A-A9C9-32F9ACF605ED}.Release|x64.Build.0 = Release|x64
		{39D71D5A-EA4D-4E2A-A9C9-32F9ACF605ED}.Release|x86.ActiveCfg = Release|Win32
		{39D71D5A-EA4D-4E2A-A9C9-32F9ACF605ED}.Release|x86.Build.0 = Release|Win32
		{4A8FA2D7-2DC4-4155-9493-1F237D223E58}.Debug|x64.ActiveCfg = Debug|x64
		{4A8FA2D7-2DC4-4155-9493-1F237D223E58}.Debug|x64.Build.0 = Debug|x64
		{4A8FA2D7-2DC4-4155-9493-1F237D223E58}.Debug|x86.ActiveCfg = Debug|Win32
		{4A8FA2D7-2DC4-4155-9493-1F237D223E58}.Debug|x86.Build.0 = Debug|Win32
		{4A8FA2D7-2DC4-4155-9493-1F237D223E58}.Release|x64.ActiveCfg = Release|x64
		{4A8FA2D7-2DC4-4155-9493-1F237D223E58}.Release|x64.Build.0 = Release|x64
		{4A8FA2D7-2DC4-4155-9493-1F237D223E58}.Release|x86.ActiveCfg = Release|Win32
		{4A8FA2D7-2DC4-4155-9493-1F237D223E58}.Release|x86.Build.0 = Release|Win32
		{A6B6239D-44C9-4197-AF3F-EA6BF583E6A0}.Debug|x64.ActiveCfg = Debug|x64
		{A6B6239D-44C9-4197-AF3F-EA6BF583E6A0}.Debug|x64.Build.0 = Debug|x64
		{A6B6239D-44C9-4197-AF3F-EA6BF583E6A0}.Debug|x86.ActiveCfg = Debug|Win32
		{A6B6239D-44C9-4197-AF3F-EA6BF583E6A0}.Debug|x86.Build.0 = Debug|Win32
		{A6B6239D-44C9-4197-AF3F-EA6BF583E6A0}.Release|x64.ActiveCfg = Release|x64
		{A6B6239D-44C9-4197-AF3F-EA6BF583E6A0}.Release|x64.Build.0 = Release|x64
		{A6B6239D-44C9-4197-AF3F-EA6BF583E6A0}.Release|x86.ActiveCfg = Release|Win32
		{A6B6239D-44C9-4197-AF3F-EA6BF583E6A0}.Release|x86.Build.0 = Release|Win32
		{F7304A3B-6711-4C55-99D3-DBDFA1E39AD9}.Debug|x64.ActiveCfg = Debug|x64
		{F7304A3B-6711-4C55-99D3-DBDFA1E39AD9}.Debug|x64.Build.0 = Debug|x64
		{F7304A3B-6711-4C55-99D3-DBDFA1E39AD9}.Debug|x86.ActiveCfg = Debug|Win32
		{F7304A3B-6711-4C55-99D3-DBDFA1E39AD9}.Debug|x86.Build.0 = Debug|Win32
		{F7304A3B-6711-4C55-99D3-DBDFA1E39AD9}.Release|x64.ActiveCfg = Release|x64
		{F7304A3B-6711-4C55-99D3-DBDFA1E39AD9}.Release|x64.Build.0 = Release|x64
		{F7304A3B-6711-4C55-99D3-DBDFA1E39AD9}.Release|x86.ActiveCfg = Release|Win32
		{F7304A3B-6711-4C55-99D3-DBDFA1E39AD9}.Release|x86.Build.0 = Release|Win32
		{6770AB17-24C7-4521-881B-BF41B3E72CFC}.Debug|x64.ActiveCfg = Debug|x64
		{6770AB17-24C7-4521-881B-BF41B3E72CFC}.Debug|x64.Build.0 = Debug|x64
		{6770AB17-24C7-4521-881B-BF41B3E72CFC}.Debug|x86.ActiveCfg = Debug|Win32
		{6770AB17-24C7-4521-881B-BF41B3E72CFC}.Debug|x86.Build.0 = Debug|Win32
		{6770AB17-24C7-4521-881B-BF41B3E72CFC}.Release|x64.ActiveCfg = Release|x64
		{6770AB17-24C7-4521-881B-BF41B3E72CFC}.Release|x64.Build.0 = Release|x64
		{6770AB17-24C7-4521-881B-BF41B3E72CFC}.Release|x86.ActiveCfg = Release|Win32
		{6770AB17-24C7-4521-881B-BF41B3E72CFC}.Release|x86.Build.0 = Release|Win32
		{ABA15DA6-9C57-4C1E-A3A5-CA563B9BFA5A}.Debug|x64.ActiveCfg = Debug|x64
		{ABA15DA6-9C57-4C1E-A3A5-CA563B9BFA5A}.Debug|x64.Build.0 = Debug|x64
		{ABA15DA6-9C57-4C1E-A3A5-CA563B9BFA5A}.Debug|x86.ActiveCfg = Debug|Win32
		{ABA15DA6-9C57-4C1E-A3A5-CA563B9BFA5A}.Debug|x86.Build.0 = Debug|Win32
		{ABA15DA6-9C57-4C1E-A3A5-CA563B9BFA5A}.Release|x64.ActiveCfg = Release|x64
		{ABA15DA6-9C57-4C1E-A3A5-CA563B9BFA5A}.Release|x64.Build.0 = Release|x64
		{ABA15DA6-9C57-4C1E-A3A5-CA563B9BFA5A}.Release|x86.ActiveCfg = Release|Win32
		{ABA15DA6-9C57-4C1E-A3A5-CA563B9BFA5A}.Release|x86.Build.0 = Release|Win32
		{604CD0D7-8491-4026-AACB-8E85A576E87F}.Debug|x64.ActiveCfg = Debug|x64
		{604CD0D7-8491-4026-AACB-8E85A576E87F}.Debug|x64.Build.0 = Debug|x64
		{604CD0D7-8491-4026-AACB-8E85A576E87F}.Debug|x86.ActiveCfg = Debug|Win32
		{604CD0D7-8491-4026-AACB-8E85A576E87F}.Debug|x86.Build.0 = Debug|Win32
		{604CD0D7-8491-4026-AACB-8E85A576E87F}.Release|x64.ActiveCfg = Release|x64
		{604CD0D7-8491-4026-AACB-8E85A576E87F}.Release|x64.Build.0 = Release|x64
		{604CD0D7-8491-4026-AACB-8E85A576E87F}.Release|x86.ActiveCfg = Release|Win32
		{604CD0D7-8491-4026-AACB-8E85A576E87F}.Release|x86.Build.0 = Release|Win32
		{766EB193-DF9C-449A-BEDF-F34DF4827A6F}.Debug|x64.ActiveCfg = Debug|x64
		{766EB193-DF9C-449A-BEDF-F34DF4827A6F}.Debug|x64.Build.0 = Debug|x64
		{766EB193-DF9C-449A-BEDF-F34DF4827A6F}.Debug|x86.ActiveCfg = Debug|Win32
		{766EB193-DF9C-449A-BEDF-F34DF4827A6F}.Debug|x86.Build.0 = Debug|Win32
		{766EB193-DF9C-449A-BEDF-F34DF4827A6F}.Release|x64.ActiveCfg = Release|x64
		{766EB193-DF9C-449A-BEDF-F34DF4827A6F}.Release|x64.Build.0 = Release|x64
		{766EB193-DF9C-449A-BEDF-F34DF4827A6F}.Release|x86.ActiveCfg = Release|Win32
		{766EB193-DF9C-449A-BEDF-F34DF4827A6F}.Release|x86.Build.0 = Release|Win32
		{CCA1D220-D359-470D-A558-938F12091B50}.Debug|x64.ActiveCfg = Debug|x64
		{CCA1D220-D359-470D-A558-938F12091B50}.Debug|x64.Build.0 = Debug|x64
		{CCA1D220-D359-470D-A558-938F12091B50}.Debug|x86.ActiveCfg = Debug|Win32
		{CCA1D220-D359-470D-A558-938F12091B50}.Debug|x86.Build.0 = Debug|Win32
		{CCA1D220-D359-470D-A558-938F12091B50}.Release|x64.ActiveCfg = Release|x64
		{CCA1D220-D359-470D-A558-938F12091B50}.Release|x64.Build.0 = Release|x64
		{CCA1D220-D359-470D-A558-938F12091B50}.Release|x86.ActiveCfg = Release|Win32
		{CCA1D220-D359-470D-A558-938F12091B50}.Release|x86.Build.0 = Release|Win32
		{B771CC1D-8802-470A-8768-A0B92DB03754}.Debug|x64.ActiveCfg = Debug|x64
		{B771CC1D-8802-470A-8768-A0B92DB03754}.Debug|x64.Build.0 = Debug|x64
		{B771CC1D-8802-470A-8768-A0B92DB03754}.Debug|x86.ActiveCfg = Debug|Win32
		{B771CC1D-8802-470A-8768-A0B92DB03754}.Debug|x86.Build.0 = Debug|Win32
		{B771CC1D-8802-470A-8768-A0B92DB03754}.Release|x64.ActiveCfg = Release|x64
		{B771CC1D-8802-470A-8768-A0B92DB03754}.Release|x64.Build.0 = Release|x64
		{B771CC1D-8802-470A-8768-A0B92DB03754}.Release|x86.ActiveCfg = Release|Win32
		{B771CC1D-8802-470A-8768-A0B92DB03754}.Release|x86.Build.0 = Release|Win32
		{874755F4-8C8A-499E-8560-27DBD04F1620}.Debug|x64.ActiveCfg = Debug|x64
		{874755F4-8C8A-499E-8560-27DBD04F1620}.Debug|x64.Build.0 = Debug|x64
		{874755F4-8C8A-499E-8560-27DBD04F1620}.Debug|x86.ActiveCfg = Debug|Win32
		{874755F4-8C8A-499E-8560-27DBD04F1620}.Debug|x86.Build.0 = Debug|Win32
		{874755F4-8C8A-499E-8560-27DBD04F1620}.Release|x64.ActiveCfg = Release|x64
		{874755F4-8C8A-499E-8560-27DBD04F1620}.Release|x64.Build.0 = Release|x64
		{874755F4-8C8A-499E-8560-27DBD04F1620}.Release|x86.ActiveCfg = Release|Win32
		{874755F4-8C8A-499E-8560-27DBD04F1620}.Release|x86.Build.0 = Release|Win32
		{F98CB7A3-29A3-428E-8569-C31BB2BB7A60}.Debug|x64.ActiveCfg = Debug|x64
		{F98CB7A3-29A3-428E-8569-C31BB2BB7A60}.Debug|x64.Build.0 = Debug|x64
		{F98CB7A3-29A3-428E-8569-C31BB2BB7A60}.Debug|x86.ActiveCfg = Debug|Win32
		{F98CB7A3-29A3-428E-8569-C31BB2BB7A60}.Debug|x86.Build.0 = Debug|Win32
		{F98CB7A3-29A3-428E-8569-C31BB2BB7A60}.Release|x64.ActiveCfg = Release|x64
		{F98CB7A3-29A3-428E-8569-C31BB2BB7A60}.Release|x64.Build.0 = Release|x64
		{F98CB7A3-29A3-428E-8569-C31BB2BB7A60}.Release|x86.ActiveCfg = Release|Win32
		{F98CB7A3-29A3-428E-8569-C31BB2BB7A60}.Release|x86.Build.0 = Release|Win32
		{D649FCBA-25BF-4346-9FFD-98ECC7E83C14}.Debug|x64.ActiveCfg = Debug|x64
		{D649FCBA-25BF-4346-9FFD-98ECC7E83C14}.Debug|x64.Build.0 = Debug|x64
		{D649FCBA-25BF-4346-9FFD-98ECC7E83C14}.Debug|x86.ActiveCfg = Debug|Win32
		{D649FCBA-25BF-4346-9FFD-98ECC7E83C14}.Debug|x86.Build.0 = Debug|Win32
		{D649FCBA-25BF-4346-9FFD-98ECC7E83C14}.Release|x64.ActiveCfg = Release|x64
		{D649FCBA-25BF-4346-9FFD-98ECC7E83C14}.Release|x64.Build.0 = Release|x64
		{D649FCBA-25BF-4346-9FFD-98ECC7E83C14}.Release|x86.ActiveCfg = Release|Win32
		{D649FCBA-25BF-4346-9FFD-98ECC7E83C14}.Release|x86.Build.0 = Release|Win32
		{9ED08A85-7E6D-41F0-80AE-460023E8AF27}.Debug|x64.ActiveCfg = Debug|x64
		{9ED08A85-7E6D-41F0-80AE-460023E8AF27}.Debug|x64.Build.0 = Debug|x64
		{9ED08A85-7E6D-41F0-80AE-460023E8AF27}.Debug|x86.ActiveCfg = Debug|Win32
		{9ED08A85-7E6D-41F0-80AE-460023E8AF27}.Debug|x86.Build.0 = Debug|Win32
		{9ED08A85-7E6D-41F0-80AE-460023E8AF27}.Release|x64.ActiveCfg = Release|x64
		{9ED08A85-7E6D-41F0-80AE-460023E8AF27}.Release|x64.Build.0 = Release|x64
		{9ED08A85-7E6D-41F0-80AE-460023E8AF27}.Release|x86.ActiveCfg = Release|Win32
		{9ED08A85-7E6D-41F0-80AE-460023E8AF27}.Release|x86.Build.0 = Release|Win32
		{896DDA16-00E6-444B-8F43-CDB1BEBC6C85}.Debug|x64.ActiveCfg = Debug|x64
		{896DDA16-00E6-444B-8F43-CDB1BEBC6C85}.Debug|x64.Build.0 = Debug|x64
		{896DDA16-00E6-444B-8F43-CDB1BEBC6C85}.Debug|x86.ActiveCfg = Debug|Win32
		{896DDA16-00E6-444B-8F43-CDB1BEBC6C85}.Debug|x86.Build.0 = Debug|Win32
		{896DDA16-00E6-444B-8F43-CDB1BEBC6C85}.Release|x64.ActiveCfg = Release|x64
		{896DDA16-00E6-444B-8F43-CDB1BEBC6C85}.Release|x64.Build.0 = Release|x64
		{896DDA16-00E6-444B-8F43-CDB1BEBC6C85}.Release|x86.ActiveCfg = Release|Win32
		{896DDA16-00E6-444B-8F43-CDB1BEBC6C85}.Release|x86.Build.0 = Release|Win32
		{AD55719A-58F4-4356-AFD9-5B20062B17D5}.Debug|x64.ActiveCfg = Debug|x64
		{AD55719A-58F4-4356-AFD9-5B20062B17D5}.Debug|x64.Build.0 = Debug|x64
		{AD55719A-58F4-4356-AFD9-5B20062B17D5}.Debug|x86.ActiveCfg = Debug|Win32
		{AD55719A-58F4-4356-AFD9-5B20062B17D5}.Debug|x86.Build.0 = Debug|Win32
		{AD55719A-58F4-4356-AFD9-5B20062B17D5}.Release|x64.ActiveCfg = Release|x64
		{AD55719A-58F4-4356-AFD9-5B20062B17D5}.Release|x64.Build.0 = Release|x64
		{AD55719A-58F4-4356-AFD9-5B20062B17D5}.Release|x86.ActiveCfg = Release|Win32
		{AD55719A-58F4-4356-AFD9-5B20062B17D5}.Release|x86.Build.0 = Release|Win32
		{D29712EC-FF9B-40F6-B629-1097416215D7}.Debug|x64.ActiveCfg = Debug|x64
		{D29712EC-FF9B-40F6-B629-1097416215D7}.Debug|x64.Build.0 = Debug|x64
		{D29712EC-FF9B-40F6-B629-1097416215D7}.Debug|x86.ActiveCfg = Debug|Win32
		{D29712EC-FF9B-40F6-B629-1097416215D7}.Debug|x86.Build.0 = Debug|Win32
		{D29712EC-FF9B-40F6-B629-1097416215D7}.Release|x64.ActiveCfg = Release|x64
		{D29712EC-FF9B-40F6-B629-1097416215D7}.Release|x64.Build.0 = Release|x64
		{D29712EC-FF9B-40F6-B629-1097416215D7}.Release|x86.ActiveCfg = Release|Win32
		{D29712EC-FF9B-40F6-B629-1097416215D7}.Release|x86.Build.0 = Release|Win32
		{641BA08A-C96F-4686-A351-D2781A164874}.Debug|x64.ActiveCfg = Debug|x64
		{641BA08A-C96F-4686-A351-D2781A164874}.Debug|x64.Build.0 = Debug|x64
		{641BA08A-C96F-4686-A351-D2781A164874}.Debug|x86.ActiveCfg = Debug|Win32
		{641BA08A-C96F-4686-A351-D2781A164874}.Debug|x86.Build.0 = Debug|Win32
		{641BA08A-C96F-4686-A351-D2781A164874}.Release|x64.ActiveCfg = Release|x64
		{641BA08A-C96F-4686-A351-D2781A164874}.Release|x64.Build.0 = Release|x64
		{641BA08A-C96F-4686-A351-D2781A164874}.Release|x86.ActiveCfg = Release|Win32
		{641BA08A-C96F-4686-A351-D2781A164874}.Release|x86.Build.0 = Release|Win32
	EndGlobalSection
	GlobalSection(SolutionProperties) = preSolution
		HideSolutionNode = FALSE
	EndGlobalSection
EndGlobal
